
Nyquest IDE Solution File, Format Version 1.00
# NYIDE 2.00.0.758
Project("{B1647980-B642-454F-99B0-4BB03538C058}") = "Ext-Int Tsest", "Ext-Int Tsest.naprj", "{B9E77E73-CEE6-4F91-9D29-1EF72218130A}"
EndProject
Global
	GlobalSection(SolutionConfigurationPlatforms) = preSolution
		Debug|AsmNy8 = Debug|AsmNy8
		Release|AsmNy8 = Release|AsmNy8
		Debug|AsmNy8 = Debug|AsmNy8
		Release|AsmNy8 = Release|AsmNy8
	EndGlobalSection
	GlobalSection(ProjectConfigurationPlatforms) = postSolution
		{B9E77E73-CEE6-4F91-9D29-1EF72218130A}.Debug|AsmNy8.Build.0 = Debug|AsmNy8
		{B9E77E73-CEE6-4F91-9D29-1EF72218130A}.Debug|AsmNy8.ActiveCfg = Debug|AsmNy8
		{B9E77E73-CEE6-4F91-9D29-1EF72218130A}.Release|AsmNy8.Build.0 = Release|AsmNy8
		{B9E77E73-CEE6-4F91-9D29-1EF72218130A}.Release|AsmNy8.ActiveCfg = Release|AsmNy8
	EndGlobalSection
EndGlobal
