
Nyquest IDE Solution File, Format Version 1.00
# NYIDE 2.00.0.758
Project("{B1647980-B642-454F-99B0-4BB03538C058}") = "IR Current Test", "IR Current Test.naprj", "{871D0538-41BB-4EDF-86A0-A1E1AC1080A3}"
EndProject
Global
	GlobalSection(SolutionConfigurationPlatforms) = preSolution
		Debug|AsmNy8 = Debug|AsmNy8
		Release|AsmNy8 = Release|AsmNy8
		Debug|AsmNy8 = Debug|AsmNy8
		Release|AsmNy8 = Release|AsmNy8
	EndGlobalSection
	GlobalSection(ProjectConfigurationPlatforms) = postSolution
		{871D0538-41BB-4EDF-86A0-A1E1AC1080A3}.Debug|AsmNy8.Build.0 = Debug|AsmNy8
		{871D0538-41BB-4EDF-86A0-A1E1AC1080A3}.Debug|AsmNy8.ActiveCfg = Debug|AsmNy8
		{871D0538-41BB-4EDF-86A0-A1E1AC1080A3}.Release|AsmNy8.Build.0 = Release|AsmNy8
		{871D0538-41BB-4EDF-86A0-A1E1AC1080A3}.Release|AsmNy8.ActiveCfg = Release|AsmNy8
	EndGlobalSection
EndGlobal
