
Nyquest IDE Solution File, Format Version 1.00
# NYIDE 2.00.0.758
Project("{B1647980-B642-454F-99B0-4BB03538C058}") = "T0T1Int", "T0T1Int.naprj", "{084D15B4-86BE-4746-A85A-F9041E64F5BE}"
EndProject
Global
	GlobalSection(SolutionConfigurationPlatforms) = preSolution
		Debug|AsmNy8 = Debug|AsmNy8
		Release|AsmNy8 = Release|AsmNy8
		Debug|AsmNy8 = Debug|AsmNy8
		Release|AsmNy8 = Release|AsmNy8
	EndGlobalSection
	GlobalSection(ProjectConfigurationPlatforms) = postSolution
		{084D15B4-86BE-4746-A85A-F9041E64F5BE}.Debug|AsmNy8.Build.0 = Debug|AsmNy8
		{084D15B4-86BE-4746-A85A-F9041E64F5BE}.Debug|AsmNy8.ActiveCfg = Debug|AsmNy8
		{084D15B4-86BE-4746-A85A-F9041E64F5BE}.Release|AsmNy8.Build.0 = Release|AsmNy8
		{084D15B4-86BE-4746-A85A-F9041E64F5BE}.Release|AsmNy8.ActiveCfg = Release|AsmNy8
	EndGlobalSection
EndGlobal
